
Microsoft Visual Studio Solution File, Format Version 12.00
# Visual Studio Version 16
VisualStudioVersion = 16.0.32228.343
MinimumVisualStudioVersion = 10.0.40219.1
Project("{FAE04EC0-301F-11D3-BF4B-00C04F79EFBC}") = "SimpleAdsReactJWT.Web", "SimpleAdsReactJWT.Web\SimpleAdsReactJWT.Web.csproj", "{7B146721-5898-484C-8385-D7072D8EA7C6}"
EndProject
Project("{FAE04EC0-301F-11D3-BF4B-00C04F79EFBC}") = "SimpleAdsReactJWT.Data", "SimpleAdsReactJWT.Data\SimpleAdsReactJWT.Data.csproj", "{5A895E2A-5BBB-49BD-9F3D-F1BF93C534C4}"
EndProject
Global
	GlobalSection(SolutionConfigurationPlatforms) = preSolution
		Debug|Any CPU = Debug|Any CPU
		Release|Any CPU = Release|Any CPU
	EndGlobalSection
	GlobalSection(ProjectConfigurationPlatforms) = postSolution
		{7B146721-5898-484C-8385-D7072D8EA7C6}.Debug|Any CPU.ActiveCfg = Debug|Any CPU
		{7B146721-5898-484C-8385-D7072D8EA7C6}.Debug|Any CPU.Build.0 = Debug|Any CPU
		{7B146721-5898-484C-8385-D7072D8EA7C6}.Release|Any CPU.ActiveCfg = Release|Any CPU
		{7B146721-5898-484C-8385-D7072D8EA7C6}.Release|Any CPU.Build.0 = Release|Any CPU
		{5A895E2A-5BBB-49BD-9F3D-F1BF93C534C4}.Debug|Any CPU.ActiveCfg = Debug|Any CPU
		{5A895E2A-5BBB-49BD-9F3D-F1BF93C534C4}.Debug|Any CPU.Build.0 = Debug|Any CPU
		{5A895E2A-5BBB-49BD-9F3D-F1BF93C534C4}.Release|Any CPU.ActiveCfg = Release|Any CPU
		{5A895E2A-5BBB-49BD-9F3D-F1BF93C534C4}.Release|Any CPU.Build.0 = Release|Any CPU
	EndGlobalSection
	GlobalSection(SolutionProperties) = preSolution
		HideSolutionNode = FALSE
	EndGlobalSection
	GlobalSection(ExtensibilityGlobals) = postSolution
		SolutionGuid = {51A8914B-B933-4A31-83DB-F07395BD1D29}
	EndGlobalSection
EndGlobal
